// !$*UTF8*$!
{
	archiveVersion = 1;
	classes = {
	};
	objectVersion = 56;
	objects = {

/* Begin PBXBuildFile section */
		EA2DA6412BE07FAD00223CF5 /* MusicAnalyzerApp.swift in Sources */ = {isa = PBXBuildFile; fileRef = EA2DA6402BE07FAD00223CF5 /* MusicAnalyzerApp.swift */; };
		EA2DA6432BE07FAD00223CF5 /* ContentView.swift in Sources */ = {isa = PBXBuildFile; fileRef = EA2DA6422BE07FAD00223CF5 /* ContentView.swift */; };
		EA2DA6452BE07FAF00223CF5 /* Assets.xcassets in Resources */ = {isa = PBXBuildFile; fileRef = EA2DA6442BE07FAF00223CF5 /* Assets.xcassets */; };
		EA2DA6492BE07FAF00223CF5 /* Preview Assets.xcassets in Resources */ = {isa = PBXBuildFile; fileRef = EA2DA6482BE07FAF00223CF5 /* Preview Assets.xcassets */; };
		EA2DA6532BE07FAF00223CF5 /* MusicAnalyzerTests.swift in Sources */ = {isa = PBXBuildFile; fileRef = EA2DA6522BE07FAF00223CF5 /* MusicAnalyzerTests.swift */; };
		EA2DA65D2BE07FAF00223CF5 /* MusicAnalyzerUITests.swift in Sources */ = {isa = PBXBuildFile; fileRef = EA2DA65C2BE07FAF00223CF5 /* MusicAnalyzerUITests.swift */; };
		EA2DA65F2BE07FAF00223CF5 /* MusicAnalyzerUITestsLaunchTests.swift in Sources */ = {isa = PBXBuildFile; fileRef = EA2DA65E2BE07FAF00223CF5 /* MusicAnalyzerUITestsLaunchTests.swift */; };
		EA2DA66C2BE07FC000223CF5 /* MusicPlayer.swift in Sources */ = {isa = PBXBuildFile; fileRef = EA2DA66B2BE07FC000223CF5 /* MusicPlayer.swift */; };
		EA2DA66E2BE07FD700223CF5 /* PlayerControls.swift in Sources */ = {isa = PBXBuildFile; fileRef = EA2DA66D2BE07FD700223CF5 /* PlayerControls.swift */; };
		EA2DA6722BE07FF500223CF5 /* Analyzer.swift in Sources */ = {isa = PBXBuildFile; fileRef = EA2DA6712BE07FF500223CF5 /* Analyzer.swift */; };
		EA2DA6742BE081EF00223CF5 /* Know Myself - Patrick Patrikios.mp3 in Resources */ = {isa = PBXBuildFile; fileRef = EA2DA6732BE081EF00223CF5 /* Know Myself - Patrick Patrikios.mp3 */; };
/* End PBXBuildFile section */

/* Begin PBXContainerItemProxy section */
		EA2DA64F2BE07FAF00223CF5 /* PBXContainerItemProxy */ = {
			isa = PBXContainerItemProxy;
			containerPortal = EA2DA6352BE07FAD00223CF5 /* Project object */;
			proxyType = 1;
			remoteGlobalIDString = EA2DA63C2BE07FAD00223CF5;
			remoteInfo = MusicAnalyzer;
		};
		EA2DA6592BE07FAF00223CF5 /* PBXContainerItemProxy */ = {
			isa = PBXContainerItemProxy;
			containerPortal = EA2DA6352BE07FAD00223CF5 /* Project object */;
			proxyType = 1;
			remoteGlobalIDString = EA2DA63C2BE07FAD00223CF5;
			remoteInfo = MusicAnalyzer;
		};
/* End PBXContainerItemProxy section */

/* Begin PBXFileReference section */
		EA2DA63D2BE07FAD00223CF5 /* MusicAnalyzer.app */ = {isa = PBXFileReference; explicitFileType = wrapper.application; includeInIndex = 0; path = MusicAnalyzer.app; sourceTree = BUILT_PRODUCTS_DIR; };
		EA2DA6402BE07FAD00223CF5 /* MusicAnalyzerApp.swift */ = {isa = PBXFileReference; lastKnownFileType = sourcecode.swift; path = MusicAnalyzerApp.swift; sourceTree = "<group>"; };
		EA2DA6422BE07FAD00223CF5 /* ContentView.swift */ = {isa = PBXFileReference; lastKnownFileType = sourcecode.swift; path = ContentView.swift; sourceTree = "<group>"; };
		EA2DA6442BE07FAF00223CF5 /* Assets.xcassets */ = {isa = PBXFileReference; lastKnownFileType = folder.assetcatalog; path = Assets.xcassets; sourceTree = "<group>"; };
		EA2DA6462BE07FAF00223CF5 /* MusicAnalyzer.entitlements */ = {isa = PBXFileReference; lastKnownFileType = text.plist.entitlements; path = MusicAnalyzer.entitlements; sourceTree = "<group>"; };
		EA2DA6482BE07FAF00223CF5 /* Preview Assets.xcassets */ = {isa = PBXFileReference; lastKnownFileType = folder.assetcatalog; path = "Preview Assets.xcassets"; sourceTree = "<group>"; };
		EA2DA64E2BE07FAF00223CF5 /* MusicAnalyzerTests.xctest */ = {isa = PBXFileReference; explicitFileType = wrapper.cfbundle; includeInIndex = 0; path = MusicAnalyzerTests.xctest; sourceTree = BUILT_PRODUCTS_DIR; };
		EA2DA6522BE07FAF00223CF5 /* MusicAnalyzerTests.swift */ = {isa = PBXFileReference; lastKnownFileType = sourcecode.swift; path = MusicAnalyzerTests.swift; sourceTree = "<group>"; };
		EA2DA6582BE07FAF00223CF5 /* MusicAnalyzerUITests.xctest */ = {isa = PBXFileReference; explicitFileType = wrapper.cfbundle; includeInIndex = 0; path = MusicAnalyzerUITests.xctest; sourceTree = BUILT_PRODUCTS_DIR; };
		EA2DA65C2BE07FAF00223CF5 /* MusicAnalyzerUITests.swift */ = {isa = PBXFileReference; lastKnownFileType = sourcecode.swift; path = MusicAnalyzerUITests.swift; sourceTree = "<group>"; };
		EA2DA65E2BE07FAF00223CF5 /* MusicAnalyzerUITestsLaunchTests.swift */ = {isa = PBXFileReference; lastKnownFileType = sourcecode.swift; path = MusicAnalyzerUITestsLaunchTests.swift; sourceTree = "<group>"; };
		EA2DA66B2BE07FC000223CF5 /* MusicPlayer.swift */ = {isa = PBXFileReference; lastKnownFileType = sourcecode.swift; path = MusicPlayer.swift; sourceTree = "<group>"; };
		EA2DA66D2BE07FD700223CF5 /* PlayerControls.swift */ = {isa = PBXFileReference; lastKnownFileType = sourcecode.swift; path = PlayerControls.swift; sourceTree = "<group>"; };
		EA2DA6712BE07FF500223CF5 /* Analyzer.swift */ = {isa = PBXFileReference; lastKnownFileType = sourcecode.swift; path = Analyzer.swift; sourceTree = "<group>"; };
		EA2DA6732BE081EF00223CF5 /* Know Myself - Patrick Patrikios.mp3 */ = {isa = PBXFileReference; lastKnownFileType = audio.mp3; path = "Know Myself - Patrick Patrikios.mp3"; sourceTree = "<group>"; };
/* End PBXFileReference section */

/* Begin PBXFrameworksBuildPhase section */
		EA2DA63A2BE07FAD00223CF5 /* Frameworks */ = {
			isa = PBXFrameworksBuildPhase;
			buildActionMask = 2147483647;
			files = (
			);
			runOnlyForDeploymentPostprocessing = 0;
		};
		EA2DA64B2BE07FAF00223CF5 /* Frameworks */ = {
			isa = PBXFrameworksBuildPhase;
			buildActionMask = 2147483647;
			files = (
			);
			runOnlyForDeploymentPostprocessing = 0;
		};
		EA2DA6552BE07FAF00223CF5 /* Frameworks */ = {
			isa = PBXFrameworksBuildPhase;
			buildActionMask = 2147483647;
			files = (
			);
			runOnlyForDeploymentPostprocessing = 0;
		};
/* End PBXFrameworksBuildPhase section */

/* Begin PBXGroup section */
		EA2DA6342BE07FAD00223CF5 = {
			isa = PBXGroup;
			children = (
				EA2DA63F2BE07FAD00223CF5 /* MusicAnalyzer */,
				EA2DA6512BE07FAF00223CF5 /* MusicAnalyzerTests */,
				EA2DA65B2BE07FAF00223CF5 /* MusicAnalyzerUITests */,
				EA2DA63E2BE07FAD00223CF5 /* Products */,
			);
			sourceTree = "<group>";
		};
		EA2DA63E2BE07FAD00223CF5 /* Products */ = {
			isa = PBXGroup;
			children = (
				EA2DA63D2BE07FAD00223CF5 /* MusicAnalyzer.app */,
				EA2DA64E2BE07FAF00223CF5 /* MusicAnalyzerTests.xctest */,
				EA2DA6582BE07FAF00223CF5 /* MusicAnalyzerUITests.xctest */,
			);
			name = Products;
			sourceTree = "<group>";
		};
		EA2DA63F2BE07FAD00223CF5 /* MusicAnalyzer */ = {
			isa = PBXGroup;
			children = (
				EA2DA6402BE07FAD00223CF5 /* MusicAnalyzerApp.swift */,
				EA2DA66B2BE07FC000223CF5 /* MusicPlayer.swift */,
				EA2DA6422BE07FAD00223CF5 /* ContentView.swift */,
				EA2DA6442BE07FAF00223CF5 /* Assets.xcassets */,
				EA2DA6732BE081EF00223CF5 /* Know Myself - Patrick Patrikios.mp3 */,
				EA2DA6462BE07FAF00223CF5 /* MusicAnalyzer.entitlements */,
				EA2DA6472BE07FAF00223CF5 /* Preview Content */,
				EA2DA66D2BE07FD700223CF5 /* PlayerControls.swift */,
				EA2DA6712BE07FF500223CF5 /* Analyzer.swift */,
			);
			path = MusicAnalyzer;
			sourceTree = "<group>";
		};
		EA2DA6472BE07FAF00223CF5 /* Preview Content */ = {
			isa = PBXGroup;
			children = (
				EA2DA6482BE07FAF00223CF5 /* Preview Assets.xcassets */,
			);
			path = "Preview Content";
			sourceTree = "<group>";
		};
		EA2DA6512BE07FAF00223CF5 /* MusicAnalyzerTests */ = {
			isa = PBXGroup;
			children = (
				EA2DA6522BE07FAF00223CF5 /* MusicAnalyzerTests.swift */,
			);
			path = MusicAnalyzerTests;
			sourceTree = "<group>";
		};
		EA2DA65B2BE07FAF00223CF5 /* MusicAnalyzerUITests */ = {
			isa = PBXGroup;
			children = (
				EA2DA65C2BE07FAF00223CF5 /* MusicAnalyzerUITests.swift */,
				EA2DA65E2BE07FAF00223CF5 /* MusicAnalyzerUITestsLaunchTests.swift */,
			);
			path = MusicAnalyzerUITests;
			sourceTree = "<group>";
		};
/* End PBXGroup section */

/* Begin PBXNativeTarget section */
		EA2DA63C2BE07FAD00223CF5 /* MusicAnalyzer */ = {
			isa = PBXNativeTarget;
			buildConfigurationList = EA2DA6622BE07FAF00223CF5 /* Build configuration list for PBXNativeTarget "MusicAnalyzer" */;
			buildPhases = (
				EA2DA6392BE07FAD00223CF5 /* Sources */,
				EA2DA63A2BE07FAD00223CF5 /* Frameworks */,
				EA2DA63B2BE07FAD00223CF5 /* Resources */,
			);
			buildRules = (
			);
			dependencies = (
			);
			name = MusicAnalyzer;
			productName = MusicAnalyzer;
			productReference = EA2DA63D2BE07FAD00223CF5 /* MusicAnalyzer.app */;
			productType = "com.apple.product-type.application";
		};
		EA2DA64D2BE07FAF00223CF5 /* MusicAnalyzerTests */ = {
			isa = PBXNativeTarget;
			buildConfigurationList = EA2DA6652BE07FAF00223CF5 /* Build configuration list for PBXNativeTarget "MusicAnalyzerTests" */;
			buildPhases = (
				EA2DA64A2BE07FAF00223CF5 /* Sources */,
				EA2DA64B2BE07FAF00223CF5 /* Frameworks */,
				EA2DA64C2BE07FAF00223CF5 /* Resources */,
			);
			buildRules = (
			);
			dependencies = (
				EA2DA6502BE07FAF00223CF5 /* PBXTargetDependency */,
			);
			name = MusicAnalyzerTests;
			productName = MusicAnalyzerTests;
			productReference = EA2DA64E2BE07FAF00223CF5 /* MusicAnalyzerTests.xctest */;
			productType = "com.apple.product-type.bundle.unit-test";
		};
		EA2DA6572BE07FAF00223CF5 /* MusicAnalyzerUITests */ = {
			isa = PBXNativeTarget;
			buildConfigurationList = EA2DA6682BE07FAF00223CF5 /* Build configuration list for PBXNativeTarget "MusicAnalyzerUITests" */;
			buildPhases = (
				EA2DA6542BE07FAF00223CF5 /* Sources */,
				EA2DA6552BE07FAF00223CF5 /* Frameworks */,
				EA2DA6562BE07FAF00223CF5 /* Resources */,
			);
			buildRules = (
			);
			dependencies = (
				EA2DA65A2BE07FAF00223CF5 /* PBXTargetDependency */,
			);
			name = MusicAnalyzerUITests;
			productName = MusicAnalyzerUITests;
			productReference = EA2DA6582BE07FAF00223CF5 /* MusicAnalyzerUITests.xctest */;
			productType = "com.apple.product-type.bundle.ui-testing";
		};
/* End PBXNativeTarget section */

/* Begin PBXProject section */
		EA2DA6352BE07FAD00223CF5 /* Project object */ = {
			isa = PBXProject;
			attributes = {
				BuildIndependentTargetsInParallel = 1;
				LastSwiftUpdateCheck = 1530;
				LastUpgradeCheck = 1530;
				TargetAttributes = {
					EA2DA63C2BE07FAD00223CF5 = {
						CreatedOnToolsVersion = 15.3;
					};
					EA2DA64D2BE07FAF00223CF5 = {
						CreatedOnToolsVersion = 15.3;
						TestTargetID = EA2DA63C2BE07FAD00223CF5;
					};
					EA2DA6572BE07FAF00223CF5 = {
						CreatedOnToolsVersion = 15.3;
						TestTargetID = EA2DA63C2BE07FAD00223CF5;
					};
				};
			};
			buildConfigurationList = EA2DA6382BE07FAD00223CF5 /* Build configuration list for PBXProject "MusicAnalyzer" */;
			compatibilityVersion = "Xcode 14.0";
			developmentRegion = en;
			hasScannedForEncodings = 0;
			knownRegions = (
				en,
				Base,
			);
			mainGroup = EA2DA6342BE07FAD00223CF5;
			productRefGroup = EA2DA63E2BE07FAD00223CF5 /* Products */;
			projectDirPath = "";
			projectRoot = "";
			targets = (
				EA2DA63C2BE07FAD00223CF5 /* MusicAnalyzer */,
				EA2DA64D2BE07FAF00223CF5 /* MusicAnalyzerTests */,
				EA2DA6572BE07FAF00223CF5 /* MusicAnalyzerUITests */,
			);
		};
/* End PBXProject section */

/* Begin PBXResourcesBuildPhase section */
		EA2DA63B2BE07FAD00223CF5 /* Resources */ = {
			isa = PBXResourcesBuildPhase;
			buildActionMask = 2147483647;
			files = (
				EA2DA6742BE081EF00223CF5 /* Know Myself - Patrick Patrikios.mp3 in Resources */,
				EA2DA6492BE07FAF00223CF5 /* Preview Assets.xcassets in Resources */,
				EA2DA6452BE07FAF00223CF5 /* Assets.xcassets in Resources */,
			);
			runOnlyForDeploymentPostprocessing = 0;
		};
		EA2DA64C2BE07FAF00223CF5 /* Resources */ = {
			isa = PBXResourcesBuildPhase;
			buildActionMask = 2147483647;
			files = (
			);
			runOnlyForDeploymentPostprocessing = 0;
		};
		EA2DA6562BE07FAF00223CF5 /* Resources */ = {
			isa = PBXResourcesBuildPhase;
			buildActionMask = 2147483647;
			files = (
			);
			runOnlyForDeploymentPostprocessing = 0;
		};
/* End PBXResourcesBuildPhase section */

/* Begin PBXSourcesBuildPhase section */
		EA2DA6392BE07FAD00223CF5 /* Sources */ = {
			isa = PBXSourcesBuildPhase;
			buildActionMask = 2147483647;
			files = (
				EA2DA66E2BE07FD700223CF5 /* PlayerControls.swift in Sources */,
				EA2DA6432BE07FAD00223CF5 /* ContentView.swift in Sources */,
				EA2DA6722BE07FF500223CF5 /* Analyzer.swift in Sources */,
				EA2DA6412BE07FAD00223CF5 /* MusicAnalyzerApp.swift in Sources */,
				EA2DA66C2BE07FC000223CF5 /* MusicPlayer.swift in Sources */,
			);
			runOnlyForDeploymentPostprocessing = 0;
		};
		EA2DA64A2BE07FAF00223CF5 /* Sources */ = {
			isa = PBXSourcesBuildPhase;
			buildActionMask = 2147483647;
			files = (
				EA2DA6532BE07FAF00223CF5 /* MusicAnalyzerTests.swift in Sources */,
			);
			runOnlyForDeploymentPostprocessing = 0;
		};
		EA2DA6542BE07FAF00223CF5 /* Sources */ = {
			isa = PBXSourcesBuildPhase;
			buildActionMask = 2147483647;
			files = (
				EA2DA65F2BE07FAF00223CF5 /* MusicAnalyzerUITestsLaunchTests.swift in Sources */,
				EA2DA65D2BE07FAF00223CF5 /* MusicAnalyzerUITests.swift in Sources */,
			);
			runOnlyForDeploymentPostprocessing = 0;
		};
/* End PBXSourcesBuildPhase section */

/* Begin PBXTargetDependency section */
		EA2DA6502BE07FAF00223CF5 /* PBXTargetDependency */ = {
			isa = PBXTargetDependency;
			target = EA2DA63C2BE07FAD00223CF5 /* MusicAnalyzer */;
			targetProxy = EA2DA64F2BE07FAF00223CF5 /* PBXContainerItemProxy */;
		};
		EA2DA65A2BE07FAF00223CF5 /* PBXTargetDependency */ = {
			isa = PBXTargetDependency;
			target = EA2DA63C2BE07FAD00223CF5 /* MusicAnalyzer */;
			targetProxy = EA2DA6592BE07FAF00223CF5 /* PBXContainerItemProxy */;
		};
/* End PBXTargetDependency section */

/* Begin XCBuildConfiguration section */
		EA2DA6602BE07FAF00223CF5 /* Debug */ = {
			isa = XCBuildConfiguration;
			buildSettings = {
				ALWAYS_SEARCH_USER_PATHS = NO;
				ASSETCATALOG_COMPILER_GENERATE_SWIFT_ASSET_SYMBOL_EXTENSIONS = YES;
				CLANG_ANALYZER_NONNULL = YES;
				CLANG_ANALYZER_NUMBER_OBJECT_CONVERSION = YES_AGGRESSIVE;
				CLANG_CXX_LANGUAGE_STANDARD = "gnu++20";
				CLANG_ENABLE_MODULES = YES;
				CLANG_ENABLE_OBJC_ARC = YES;
				CLANG_ENABLE_OBJC_WEAK = YES;
				CLANG_WARN_BLOCK_CAPTURE_AUTORELEASING = YES;
				CLANG_WARN_BOOL_CONVERSION = YES;
				CLANG_WARN_COMMA = YES;
				CLANG_WARN_CONSTANT_CONVERSION = YES;
				CLANG_WARN_DEPRECATED_OBJC_IMPLEMENTATIONS = YES;
				CLANG_WARN_DIRECT_OBJC_ISA_USAGE = YES_ERROR;
				CLANG_WARN_DOCUMENTATION_COMMENTS = YES;
				CLANG_WARN_EMPTY_BODY = YES;
				CLANG_WARN_ENUM_CONVERSION = YES;
				CLANG_WARN_INFINITE_RECURSION = YES;
				CLANG_WARN_INT_CONVERSION = YES;
				CLANG_WARN_NON_LITERAL_NULL_CONVERSION = YES;
				CLANG_WARN_OBJC_IMPLICIT_RETAIN_SELF = YES;
				CLANG_WARN_OBJC_LITERAL_CONVERSION = YES;
				CLANG_WARN_OBJC_ROOT_CLASS = YES_ERROR;
				CLANG_WARN_QUOTED_INCLUDE_IN_FRAMEWORK_HEADER = YES;
				CLANG_WARN_RANGE_LOOP_ANALYSIS = YES;
				CLANG_WARN_STRICT_PROTOTYPES = YES;
				CLANG_WARN_SUSPICIOUS_MOVE = YES;
				CLANG_WARN_UNGUARDED_AVAILABILITY = YES_AGGRESSIVE;
				CLANG_WARN_UNREACHABLE_CODE = YES;
				CLANG_WARN__DUPLICATE_METHOD_MATCH = YES;
				COPY_PHASE_STRIP = NO;
				DEBUG_INFORMATION_FORMAT = dwarf;
				ENABLE_STRICT_OBJC_MSGSEND = YES;
				ENABLE_TESTABILITY = YES;
				ENABLE_USER_SCRIPT_SANDBOXING = YES;
				GCC_C_LANGUAGE_STANDARD = gnu17;
				GCC_DYNAMIC_NO_PIC = NO;
				GCC_NO_COMMON_BLOCKS = YES;
				GCC_OPTIMIZATION_LEVEL = 0;
				GCC_PREPROCESSOR_DEFINITIONS = (
					"DEBUG=1",
					"$(inherited)",
				);
				GCC_WARN_64_TO_32_BIT_CONVERSION = YES;
				GCC_WARN_ABOUT_RETURN_TYPE = YES_ERROR;
				GCC_WARN_UNDECLARED_SELECTOR = YES;
				GCC_WARN_UNINITIALIZED_AUTOS = YES_AGGRESSIVE;
				GCC_WARN_UNUSED_FUNCTION = YES;
				GCC_WARN_UNUSED_VARIABLE = YES;
				LOCALIZATION_PREFERS_STRING_CATALOGS = YES;
				MTL_ENABLE_DEBUG_INFO = INCLUDE_SOURCE;
				MTL_FAST_MATH = YES;
				ONLY_ACTIVE_ARCH = YES;
				SWIFT_ACTIVE_COMPILATION_CONDITIONS = "DEBUG $(inherited)";
				SWIFT_OPTIMIZATION_LEVEL = "-Onone";
			};
			name = Debug;
		};
		EA2DA6612BE07FAF00223CF5 /* Release */ = {
			isa = XCBuildConfiguration;
			buildSettings = {
				ALWAYS_SEARCH_USER_PATHS = NO;
				ASSETCATALOG_COMPILER_GENERATE_SWIFT_ASSET_SYMBOL_EXTENSIONS = YES;
				CLANG_ANALYZER_NONNULL = YES;
				CLANG_ANALYZER_NUMBER_OBJECT_CONVERSION = YES_AGGRESSIVE;
				CLANG_CXX_LANGUAGE_STANDARD = "gnu++20";
				CLANG_ENABLE_MODULES = YES;
				CLANG_ENABLE_OBJC_ARC = YES;
				CLANG_ENABLE_OBJC_WEAK = YES;
				CLANG_WARN_BLOCK_CAPTURE_AUTORELEASING = YES;
				CLANG_WARN_BOOL_CONVERSION = YES;
				CLANG_WARN_COMMA = YES;
				CLANG_WARN_CONSTANT_CONVERSION = YES;
				CLANG_WARN_DEPRECATED_OBJC_IMPLEMENTATIONS = YES;
				CLANG_WARN_DIRECT_OBJC_ISA_USAGE = YES_ERROR;
				CLANG_WARN_DOCUMENTATION_COMMENTS = YES;
				CLANG_WARN_EMPTY_BODY = YES;
				CLANG_WARN_ENUM_CONVERSION = YES;
				CLANG_WARN_INFINITE_RECURSION = YES;
				CLANG_WARN_INT_CONVERSION = YES;
				CLANG_WARN_NON_LITERAL_NULL_CONVERSION = YES;
				CLANG_WARN_OBJC_IMPLICIT_RETAIN_SELF = YES;
				CLANG_WARN_OBJC_LITERAL_CONVERSION = YES;
				CLANG_WARN_OBJC_ROOT_CLASS = YES_ERROR;
				CLANG_WARN_QUOTED_INCLUDE_IN_FRAMEWORK_HEADER = YES;
				CLANG_WARN_RANGE_LOOP_ANALYSIS = YES;
				CLANG_WARN_STRICT_PROTOTYPES = YES;
				CLANG_WARN_SUSPICIOUS_MOVE = YES;
				CLANG_WARN_UNGUARDED_AVAILABILITY = YES_AGGRESSIVE;
				CLANG_WARN_UNREACHABLE_CODE = YES;
				CLANG_WARN__DUPLICATE_METHOD_MATCH = YES;
				COPY_PHASE_STRIP = NO;
				DEBUG_INFORMATION_FORMAT = "dwarf-with-dsym";
				ENABLE_NS_ASSERTIONS = NO;
				ENABLE_STRICT_OBJC_MSGSEND = YES;
				ENABLE_USER_SCRIPT_SANDBOXING = YES;
				GCC_C_LANGUAGE_STANDARD = gnu17;
				GCC_NO_COMMON_BLOCKS = YES;
				GCC_WARN_64_TO_32_BIT_CONVERSION = YES;
				GCC_WARN_ABOUT_RETURN_TYPE = YES_ERROR;
				GCC_WARN_UNDECLARED_SELECTOR = YES;
				GCC_WARN_UNINITIALIZED_AUTOS = YES_AGGRESSIVE;
				GCC_WARN_UNUSED_FUNCTION = YES;
				GCC_WARN_UNUSED_VARIABLE = YES;
				LOCALIZATION_PREFERS_STRING_CATALOGS = YES;
				MTL_ENABLE_DEBUG_INFO = NO;
				MTL_FAST_MATH = YES;
				SWIFT_COMPILATION_MODE = wholemodule;
			};
			name = Release;
		};
		EA2DA6632BE07FAF00223CF5 /* Debug */ = {
			isa = XCBuildConfiguration;
			buildSettings = {
				ASSETCATALOG_COMPILER_APPICON_NAME = AppIcon;
				ASSETCATALOG_COMPILER_GLOBAL_ACCENT_COLOR_NAME = AccentColor;
				CODE_SIGN_ENTITLEMENTS = MusicAnalyzer/MusicAnalyzer.entitlements;
				CODE_SIGN_STYLE = Automatic;
				CURRENT_PROJECT_VERSION = 1;
				DEVELOPMENT_ASSET_PATHS = "\"MusicAnalyzer/Preview Content\"";
				DEVELOPMENT_TEAM = 2J25T3SHSQ;
				ENABLE_HARDENED_RUNTIME = YES;
				ENABLE_PREVIEWS = YES;
				GENERATE_INFOPLIST_FILE = YES;
				"INFOPLIST_KEY_UIApplicationSceneManifest_Generation[sdk=iphoneos*]" = YES;
				"INFOPLIST_KEY_UIApplicationSceneManifest_Generation[sdk=iphonesimulator*]" = YES;
				"INFOPLIST_KEY_UIApplicationSupportsIndirectInputEvents[sdk=iphoneos*]" = YES;
				"INFOPLIST_KEY_UIApplicationSupportsIndirectInputEvents[sdk=iphonesimulator*]" = YES;
				"INFOPLIST_KEY_UILaunchScreen_Generation[sdk=iphoneos*]" = YES;
				"INFOPLIST_KEY_UILaunchScreen_Generation[sdk=iphonesimulator*]" = YES;
				"INFOPLIST_KEY_UIStatusBarStyle[sdk=iphoneos*]" = UIStatusBarStyleDefault;
				"INFOPLIST_KEY_UIStatusBarStyle[sdk=iphonesimulator*]" = UIStatusBarStyleDefault;
				INFOPLIST_KEY_UISupportedInterfaceOrientations_iPad = "UIInterfaceOrientationPortrait UIInterfaceOrientationPortraitUpsideDown UIInterfaceOrientationLandscapeLeft UIInterfaceOrientationLandscapeRight";
				INFOPLIST_KEY_UISupportedInterfaceOrientations_iPhone = "UIInterfaceOrientationPortrait UIInterfaceOrientationLandscapeLeft UIInterfaceOrientationLandscapeRight";
				IPHONEOS_DEPLOYMENT_TARGET = 17.4;
				LD_RUNPATH_SEARCH_PATHS = "@executable_path/Frameworks";
				"LD_RUNPATH_SEARCH_PATHS[sdk=macosx*]" = "@executable_path/../Frameworks";
				MACOSX_DEPLOYMENT_TARGET = 14.4;
				MARKETING_VERSION = 1.0;
				PRODUCT_BUNDLE_IDENTIFIER = com.matkatmusic.MusicAnalyzer;
				PRODUCT_NAME = "$(TARGET_NAME)";
				SDKROOT = auto;
				SUPPORTED_PLATFORMS = "iphoneos iphonesimulator macosx";
				SWIFT_EMIT_LOC_STRINGS = YES;
				SWIFT_VERSION = 5.0;
				TARGETED_DEVICE_FAMILY = "1,2";
			};
			name = Debug;
		};
		EA2DA6642BE07FAF00223CF5 /* Release */ = {
			isa = XCBuildConfiguration;
			buildSettings = {
				ASSETCATALOG_COMPILER_APPICON_NAME = AppIcon;
				ASSETCATALOG_COMPILER_GLOBAL_ACCENT_COLOR_NAME = AccentColor;
				CODE_SIGN_ENTITLEMENTS = MusicAnalyzer/MusicAnalyzer.entitlements;
				CODE_SIGN_STYLE = Automatic;
				CURRENT_PROJECT_VERSION = 1;
				DEVELOPMENT_ASSET_PATHS = "\"MusicAnalyzer/Preview Content\"";
				DEVELOPMENT_TEAM = 2J25T3SHSQ;
				ENABLE_HARDENED_RUNTIME = YES;
				ENABLE_PREVIEWS = YES;
				GENERATE_INFOPLIST_FILE = YES;
				"INFOPLIST_KEY_UIApplicationSceneManifest_Generation[sdk=iphoneos*]" = YES;
				"INFOPLIST_KEY_UIApplicationSceneManifest_Generation[sdk=iphonesimulator*]" = YES;
				"INFOPLIST_KEY_UIApplicationSupportsIndirectInputEvents[sdk=iphoneos*]" = YES;
				"INFOPLIST_KEY_UIApplicationSupportsIndirectInputEvents[sdk=iphonesimulator*]" = YES;
				"INFOPLIST_KEY_UILaunchScreen_Generation[sdk=iphoneos*]" = YES;
				"INFOPLIST_KEY_UILaunchScreen_Generation[sdk=iphonesimulator*]" = YES;
				"INFOPLIST_KEY_UIStatusBarStyle[sdk=iphoneos*]" = UIStatusBarStyleDefault;
				"INFOPLIST_KEY_UIStatusBarStyle[sdk=iphonesimulator*]" = UIStatusBarStyleDefault;
				INFOPLIST_KEY_UISupportedInterfaceOrientations_iPad = "UIInterfaceOrientationPortrait UIInterfaceOrientationPortraitUpsideDown UIInterfaceOrientationLandscapeLeft UIInterfaceOrientationLandscapeRight";
				INFOPLIST_KEY_UISupportedInterfaceOrientations_iPhone = "UIInterfaceOrientationPortrait UIInterfaceOrientationLandscapeLeft UIInterfaceOrientationLandscapeRight";
				IPHONEOS_DEPLOYMENT_TARGET = 17.4;
				LD_RUNPATH_SEARCH_PATHS = "@executable_path/Frameworks";
				"LD_RUNPATH_SEARCH_PATHS[sdk=macosx*]" = "@executable_path/../Frameworks";
				MACOSX_DEPLOYMENT_TARGET = 14.4;
				MARKETING_VERSION = 1.0;
				PRODUCT_BUNDLE_IDENTIFIER = com.matkatmusic.MusicAnalyzer;
				PRODUCT_NAME = "$(TARGET_NAME)";
				SDKROOT = auto;
				SUPPORTED_PLATFORMS = "iphoneos iphonesimulator macosx";
				SWIFT_EMIT_LOC_STRINGS = YES;
				SWIFT_VERSION = 5.0;
				TARGETED_DEVICE_FAMILY = "1,2";
			};
			name = Release;
		};
		EA2DA6662BE07FAF00223CF5 /* Debug */ = {
			isa = XCBuildConfiguration;
			buildSettings = {
				ALWAYS_EMBED_SWIFT_STANDARD_LIBRARIES = YES;
				BUNDLE_LOADER = "$(TEST_HOST)";
				CODE_SIGN_STYLE = Automatic;
				CURRENT_PROJECT_VERSION = 1;
				DEVELOPMENT_TEAM = 2J25T3SHSQ;
				GENERATE_INFOPLIST_FILE = YES;
				IPHONEOS_DEPLOYMENT_TARGET = 17.4;
				MACOSX_DEPLOYMENT_TARGET = 14.4;
				MARKETING_VERSION = 1.0;
				PRODUCT_BUNDLE_IDENTIFIER = com.matkatmusic.MusicAnalyzerTests;
				PRODUCT_NAME = "$(TARGET_NAME)";
				SDKROOT = auto;
				SUPPORTED_PLATFORMS = "iphoneos iphonesimulator macosx";
				SWIFT_EMIT_LOC_STRINGS = NO;
				SWIFT_VERSION = 5.0;
				TARGETED_DEVICE_FAMILY = "1,2";
				TEST_HOST = "$(BUILT_PRODUCTS_DIR)/MusicAnalyzer.app/$(BUNDLE_EXECUTABLE_FOLDER_PATH)/MusicAnalyzer";
			};
			name = Debug;
		};
		EA2DA6672BE07FAF00223CF5 /* Release */ = {
			isa = XCBuildConfiguration;
			buildSettings = {
				ALWAYS_EMBED_SWIFT_STANDARD_LIBRARIES = YES;
				BUNDLE_LOADER = "$(TEST_HOST)";
				CODE_SIGN_STYLE = Automatic;
				CURRENT_PROJECT_VERSION = 1;
				DEVELOPMENT_TEAM = 2J25T3SHSQ;
				GENERATE_INFOPLIST_FILE = YES;
				IPHONEOS_DEPLOYMENT_TARGET = 17.4;
				MACOSX_DEPLOYMENT_TARGET = 14.4;
				MARKETING_VERSION = 1.0;
				PRODUCT_BUNDLE_IDENTIFIER = com.matkatmusic.MusicAnalyzerTests;
				PRODUCT_NAME = "$(TARGET_NAME)";
				SDKROOT = auto;
				SUPPORTED_PLATFORMS = "iphoneos iphonesimulator macosx";
				SWIFT_EMIT_LOC_STRINGS = NO;
				SWIFT_VERSION = 5.0;
				TARGETED_DEVICE_FAMILY = "1,2";
				TEST_HOST = "$(BUILT_PRODUCTS_DIR)/MusicAnalyzer.app/$(BUNDLE_EXECUTABLE_FOLDER_PATH)/MusicAnalyzer";
			};
			name = Release;
		};
		EA2DA6692BE07FAF00223CF5 /* Debug */ = {
			isa = XCBuildConfiguration;
			buildSettings = {
				ALWAYS_EMBED_SWIFT_STANDARD_LIBRARIES = YES;
				CODE_SIGN_STYLE = Automatic;
				CURRENT_PROJECT_VERSION = 1;
				DEVELOPMENT_TEAM = 2J25T3SHSQ;
				GENERATE_INFOPLIST_FILE = YES;
				IPHONEOS_DEPLOYMENT_TARGET = 17.4;
				MACOSX_DEPLOYMENT_TARGET = 14.4;
				MARKETING_VERSION = 1.0;
				PRODUCT_BUNDLE_IDENTIFIER = com.matkatmusic.MusicAnalyzerUITests;
				PRODUCT_NAME = "$(TARGET_NAME)";
				SDKROOT = auto;
				SUPPORTED_PLATFORMS = "iphoneos iphonesimulator macosx";
				SWIFT_EMIT_LOC_STRINGS = NO;
				SWIFT_VERSION = 5.0;
				TARGETED_DEVICE_FAMILY = "1,2";
				TEST_TARGET_NAME = MusicAnalyzer;
			};
			name = Debug;
		};
		EA2DA66A2BE07FAF00223CF5 /* Release */ = {
			isa = XCBuildConfiguration;
			buildSettings = {
				ALWAYS_EMBED_SWIFT_STANDARD_LIBRARIES = YES;
				CODE_SIGN_STYLE = Automatic;
				CURRENT_PROJECT_VERSION = 1;
				DEVELOPMENT_TEAM = 2J25T3SHSQ;
				GENERATE_INFOPLIST_FILE = YES;
				IPHONEOS_DEPLOYMENT_TARGET = 17.4;
				MACOSX_DEPLOYMENT_TARGET = 14.4;
				MARKETING_VERSION = 1.0;
				PRODUCT_BUNDLE_IDENTIFIER = com.matkatmusic.MusicAnalyzerUITests;
				PRODUCT_NAME = "$(TARGET_NAME)";
				SDKROOT = auto;
				SUPPORTED_PLATFORMS = "iphoneos iphonesimulator macosx";
				SWIFT_EMIT_LOC_STRINGS = NO;
				SWIFT_VERSION = 5.0;
				TARGETED_DEVICE_FAMILY = "1,2";
				TEST_TARGET_NAME = MusicAnalyzer;
			};
			name = Release;
		};
/* End XCBuildConfiguration section */

/* Begin XCConfigurationList section */
		EA2DA6382BE07FAD00223CF5 /* Build configuration list for PBXProject "MusicAnalyzer" */ = {
			isa = XCConfigurationList;
			buildConfigurations = (
				EA2DA6602BE07FAF00223CF5 /* Debug */,
				EA2DA6612BE07FAF00223CF5 /* Release */,
			);
			defaultConfigurationIsVisible = 0;
			defaultConfigurationName = Release;
		};
		EA2DA6622BE07FAF00223CF5 /* Build configuration list for PBXNativeTarget "MusicAnalyzer" */ = {
			isa = XCConfigurationList;
			buildConfigurations = (
				EA2DA6632BE07FAF00223CF5 /* Debug */,
				EA2DA6642BE07FAF00223CF5 /* Release */,
			);
			defaultConfigurationIsVisible = 0;
			defaultConfigurationName = Release;
		};
		EA2DA6652BE07FAF00223CF5 /* Build configuration list for PBXNativeTarget "MusicAnalyzerTests" */ = {
			isa = XCConfigurationList;
			buildConfigurations = (
				EA2DA6662BE07FAF00223CF5 /* Debug */,
				EA2DA6672BE07FAF00223CF5 /* Release */,
			);
			defaultConfigurationIsVisible = 0;
			defaultConfigurationName = Release;
		};
		EA2DA6682BE07FAF00223CF5 /* Build configuration list for PBXNativeTarget "MusicAnalyzerUITests" */ = {
			isa = XCConfigurationList;
			buildConfigurations = (
				EA2DA6692BE07FAF00223CF5 /* Debug */,
				EA2DA66A2BE07FAF00223CF5 /* Release */,
			);
			defaultConfigurationIsVisible = 0;
			defaultConfigurationName = Release;
		};
/* End XCConfigurationList section */
	};
	rootObject = EA2DA6352BE07FAD00223CF5 /* Project object */;
}
